symfony v2.0.20
twig v1.12.1
monolog 1.2.1
doctrine-common 2.1.4
doctrine-dbal 2.1.7
doctrine 2.1.7
swiftmailer v4.2.2
assetic v1.0.4
twig-extensions v1.0.0-alpha
metadata 1.0.0
SensioFrameworkExtraBundle v2.0.22
JMSSecurityExtraBundle e752f888c51425f71382c056961f10f2be642102
SensioDistributionBundle v2.0.22
SensioGeneratorBundle v2.0.22
AsseticBundle 6f15728c1aefa5246caa83730e3dbf70b0d46052
FOSJsRoutingBundle 9b956552a55e180a83824a59cc3aff6dde32b656
TinymceBundle 2d78f28743e8c769d8cd8a164f34f16cc6595d7c
WhiteOctoberBreadcrumbsBundle 1.0.0
KnpMenu v2.0.0-alpha2
KnpMenuBundle v2.0.0-alpha2
IdeupSimplePaginatorBundle b2daf4f483b1d2356f0a9c1fe54ff3e93a8a04f7
IoTcpdfBundle b9d2e671912c49029239118749de93b27a53a902
